// !$*UTF8*$!
{
	archiveVersion = 1;
	classes = {
	};
	objectVersion = 56;
	objects = {

/* Begin PBXBuildFile section */
		0CB0BBD82B72585300AB52C0 /* weatherappApp.swift in Sources */ = {isa = PBXBuildFile; fileRef = 0CB0BBD72B72585300AB52C0 /* weatherappApp.swift */; };
		0CB0BBDA2B72585300AB52C0 /* WeatherHomeView.swift in Sources */ = {isa = PBXBuildFile; fileRef = 0CB0BBD92B72585300AB52C0 /* WeatherHomeView.swift */; };
		0CB0BBDC2B72585400AB52C0 /* Assets.xcassets in Resources */ = {isa = PBXBuildFile; fileRef = 0CB0BBDB2B72585400AB52C0 /* Assets.xcassets */; };
		0CB0BBDF2B72585400AB52C0 /* Preview Assets.xcassets in Resources */ = {isa = PBXBuildFile; fileRef = 0CB0BBDE2B72585400AB52C0 /* Preview Assets.xcassets */; };
		0CDCF93F2B72975700DB40F2 /* Current.swift in Sources */ = {isa = PBXBuildFile; fileRef = 0CDCF93E2B72975700DB40F2 /* Current.swift */; };
		0CDCF9412B72977100DB40F2 /* Location.swift in Sources */ = {isa = PBXBuildFile; fileRef = 0CDCF9402B72977100DB40F2 /* Location.swift */; };
		0CDCF9432B72978100DB40F2 /* Forecast.swift in Sources */ = {isa = PBXBuildFile; fileRef = 0CDCF9422B72978100DB40F2 /* Forecast.swift */; };
		0CDCF9562B72AFD700DB40F2 /* CurrentLocationWeather.swift in Sources */ = {isa = PBXBuildFile; fileRef = 0CDCF9552B72AFD700DB40F2 /* CurrentLocationWeather.swift */; };
		0CDCF9582B72AFEA00DB40F2 /* ForecastRow.swift in Sources */ = {isa = PBXBuildFile; fileRef = 0CDCF9572B72AFEA00DB40F2 /* ForecastRow.swift */; };
		0FDA24492B72CF9E00621CED /* ForecastList.swift in Sources */ = {isa = PBXBuildFile; fileRef = 0FDA24482B72CF9E00621CED /* ForecastList.swift */; };
		0FDA244B2B72D01D00621CED /* WeatherGrid.swift in Sources */ = {isa = PBXBuildFile; fileRef = 0FDA244A2B72D01D00621CED /* WeatherGrid.swift */; };
		0FDA244D2B72D07E00621CED /* WeatherGridItem.swift in Sources */ = {isa = PBXBuildFile; fileRef = 0FDA244C2B72D07E00621CED /* WeatherGridItem.swift */; };
		35BA69F727AE0B6792080A1E /* Pods_weatherapp.framework in Frameworks */ = {isa = PBXBuildFile; fileRef = B0B2F2E161D0086A06B82775 /* Pods_weatherapp.framework */; };
/* End PBXBuildFile section */

/* Begin PBXFileReference section */
		0CB0BBD42B72585300AB52C0 /* weatherapp.app */ = {isa = PBXFileReference; explicitFileType = wrapper.application; includeInIndex = 0; path = weatherapp.app; sourceTree = BUILT_PRODUCTS_DIR; };
		0CB0BBD72B72585300AB52C0 /* weatherappApp.swift */ = {isa = PBXFileReference; lastKnownFileType = sourcecode.swift; path = weatherappApp.swift; sourceTree = "<group>"; };
		0CB0BBD92B72585300AB52C0 /* WeatherHomeView.swift */ = {isa = PBXFileReference; lastKnownFileType = sourcecode.swift; path = WeatherHomeView.swift; sourceTree = "<group>"; };
		0CB0BBDB2B72585400AB52C0 /* Assets.xcassets */ = {isa = PBXFileReference; lastKnownFileType = folder.assetcatalog; path = Assets.xcassets; sourceTree = "<group>"; };
		0CB0BBDE2B72585400AB52C0 /* Preview Assets.xcassets */ = {isa = PBXFileReference; lastKnownFileType = folder.assetcatalog; path = "Preview Assets.xcassets"; sourceTree = "<group>"; };
		0CDCF93E2B72975700DB40F2 /* Current.swift */ = {isa = PBXFileReference; lastKnownFileType = sourcecode.swift; path = Current.swift; sourceTree = "<group>"; };
		0CDCF9402B72977100DB40F2 /* Location.swift */ = {isa = PBXFileReference; lastKnownFileType = sourcecode.swift; path = Location.swift; sourceTree = "<group>"; };
		0CDCF9422B72978100DB40F2 /* Forecast.swift */ = {isa = PBXFileReference; lastKnownFileType = sourcecode.swift; path = Forecast.swift; sourceTree = "<group>"; };
		0CDCF9552B72AFD700DB40F2 /* CurrentLocationWeather.swift */ = {isa = PBXFileReference; lastKnownFileType = sourcecode.swift; path = CurrentLocationWeather.swift; sourceTree = "<group>"; };
		0CDCF9572B72AFEA00DB40F2 /* ForecastRow.swift */ = {isa = PBXFileReference; lastKnownFileType = sourcecode.swift; path = ForecastRow.swift; sourceTree = "<group>"; };
		0E0ACE8FC60390418841E947 /* Pods-weatherapp.release.xcconfig */ = {isa = PBXFileReference; includeInIndex = 1; lastKnownFileType = text.xcconfig; name = "Pods-weatherapp.release.xcconfig"; path = "Target Support Files/Pods-weatherapp/Pods-weatherapp.release.xcconfig"; sourceTree = "<group>"; };
		0FDA24482B72CF9E00621CED /* ForecastList.swift */ = {isa = PBXFileReference; lastKnownFileType = sourcecode.swift; path = ForecastList.swift; sourceTree = "<group>"; };
		0FDA244A2B72D01D00621CED /* WeatherGrid.swift */ = {isa = PBXFileReference; lastKnownFileType = sourcecode.swift; path = WeatherGrid.swift; sourceTree = "<group>"; };
		0FDA244C2B72D07E00621CED /* WeatherGridItem.swift */ = {isa = PBXFileReference; lastKnownFileType = sourcecode.swift; path = WeatherGridItem.swift; sourceTree = "<group>"; };
		9AE204A1AA81B33AD93C1B3F /* Pods-weatherapp.debug.xcconfig */ = {isa = PBXFileReference; includeInIndex = 1; lastKnownFileType = text.xcconfig; name = "Pods-weatherapp.debug.xcconfig"; path = "Target Support Files/Pods-weatherapp/Pods-weatherapp.debug.xcconfig"; sourceTree = "<group>"; };
		B0B2F2E161D0086A06B82775 /* Pods_weatherapp.framework */ = {isa = PBXFileReference; explicitFileType = wrapper.framework; includeInIndex = 0; path = Pods_weatherapp.framework; sourceTree = BUILT_PRODUCTS_DIR; };
/* End PBXFileReference section */

/* Begin PBXFrameworksBuildPhase section */
		0CB0BBD12B72585300AB52C0 /* Frameworks */ = {
			isa = PBXFrameworksBuildPhase;
			buildActionMask = 2147483647;
			files = (
				35BA69F727AE0B6792080A1E /* Pods_weatherapp.framework in Frameworks */,
			);
			runOnlyForDeploymentPostprocessing = 0;
		};
/* End PBXFrameworksBuildPhase section */

/* Begin PBXGroup section */
		0CB0BBCB2B72585200AB52C0 = {
			isa = PBXGroup;
			children = (
				0CB0BBD62B72585300AB52C0 /* weatherapp */,
				0CB0BBD52B72585300AB52C0 /* Products */,
				857BDC24C9BCE33EC07F7331 /* Pods */,
				49F01AB8A616BD7342716014 /* Frameworks */,
			);
			sourceTree = "<group>";
		};
		0CB0BBD52B72585300AB52C0 /* Products */ = {
			isa = PBXGroup;
			children = (
				0CB0BBD42B72585300AB52C0 /* weatherapp.app */,
			);
			name = Products;
			sourceTree = "<group>";
		};
		0CB0BBD62B72585300AB52C0 /* weatherapp */ = {
			isa = PBXGroup;
			children = (
				0CDCF93B2B7296D700DB40F2 /* Model */,
				0CDCF9442B72989200DB40F2 /* Modules */,
				0CDCF93A2B7290C500DB40F2 /* View */,
				0CDCF9392B7290AC00DB40F2 /* NewtorkManager */,
				0CB0BBDB2B72585400AB52C0 /* Assets.xcassets */,
				0CB0BBDD2B72585400AB52C0 /* Preview Content */,
			);
			path = weatherapp;
			sourceTree = "<group>";
		};
		0CB0BBDD2B72585400AB52C0 /* Preview Content */ = {
			isa = PBXGroup;
			children = (
				0CB0BBDE2B72585400AB52C0 /* Preview Assets.xcassets */,
			);
			path = "Preview Content";
			sourceTree = "<group>";
		};
		0CDCF9392B7290AC00DB40F2 /* NewtorkManager */ = {
			isa = PBXGroup;
			children = (
			);
			path = NewtorkManager;
			sourceTree = "<group>";
		};
		0CDCF93A2B7290C500DB40F2 /* View */ = {
			isa = PBXGroup;
			children = (
				0CB0BBD72B72585300AB52C0 /* weatherappApp.swift */,
				0CB0BBD92B72585300AB52C0 /* WeatherHomeView.swift */,
				0FDA24482B72CF9E00621CED /* ForecastList.swift */,
				0FDA244A2B72D01D00621CED /* WeatherGrid.swift */,
				0FDA244C2B72D07E00621CED /* WeatherGridItem.swift */,
			);
			path = View;
			sourceTree = "<group>";
		};
		0CDCF93B2B7296D700DB40F2 /* Model */ = {
			isa = PBXGroup;
			children = (
				0CDCF93E2B72975700DB40F2 /* Current.swift */,
				0CDCF9402B72977100DB40F2 /* Location.swift */,
				0CDCF9422B72978100DB40F2 /* Forecast.swift */,
			);
			path = Model;
			sourceTree = "<group>";
		};
		0CDCF9442B72989200DB40F2 /* Modules */ = {
			isa = PBXGroup;
			children = (
				0CDCF9492B729ABE00DB40F2 /* Home */,
				0CDCF9452B7298D400DB40F2 /* Forecast */,
			);
			path = Modules;
			sourceTree = "<group>";
		};
		0CDCF9452B7298D400DB40F2 /* Forecast */ = {
			isa = PBXGroup;
			children = (
				0CDCF9482B72990500DB40F2 /* View */,
				0CDCF9472B7298FA00DB40F2 /* Model */,
				0CDCF9462B7298E300DB40F2 /* ViewModel */,
			);
			path = Forecast;
			sourceTree = "<group>";
		};
		0CDCF9462B7298E300DB40F2 /* ViewModel */ = {
			isa = PBXGroup;
			children = (
			);
			path = ViewModel;
			sourceTree = "<group>";
		};
		0CDCF9472B7298FA00DB40F2 /* Model */ = {
			isa = PBXGroup;
			children = (
			);
			path = Model;
			sourceTree = "<group>";
		};
		0CDCF9482B72990500DB40F2 /* View */ = {
			isa = PBXGroup;
			children = (
			);
			path = View;
			sourceTree = "<group>";
		};
		0CDCF9492B729ABE00DB40F2 /* Home */ = {
			isa = PBXGroup;
			children = (
				0CDCF94C2B729E3900DB40F2 /* View */,
				0CDCF94B2B729E2900DB40F2 /* Model */,
				0CDCF94A2B729ADC00DB40F2 /* ViewModel */,
			);
			path = Home;
			sourceTree = "<group>";
		};
		0CDCF94A2B729ADC00DB40F2 /* ViewModel */ = {
			isa = PBXGroup;
			children = (
			);
			path = ViewModel;
			sourceTree = "<group>";
		};
		0CDCF94B2B729E2900DB40F2 /* Model */ = {
			isa = PBXGroup;
			children = (
			);
			path = Model;
			sourceTree = "<group>";
		};
		0CDCF94C2B729E3900DB40F2 /* View */ = {
			isa = PBXGroup;
			children = (
				0CDCF9552B72AFD700DB40F2 /* CurrentLocationWeather.swift */,
				0CDCF9572B72AFEA00DB40F2 /* ForecastRow.swift */,
			);
			path = View;
			sourceTree = "<group>";
		};
		49F01AB8A616BD7342716014 /* Frameworks */ = {
			isa = PBXGroup;
			children = (
				B0B2F2E161D0086A06B82775 /* Pods_weatherapp.framework */,
			);
			name = Frameworks;
			sourceTree = "<group>";
		};
		857BDC24C9BCE33EC07F7331 /* Pods */ = {
			isa = PBXGroup;
			children = (
				9AE204A1AA81B33AD93C1B3F /* Pods-weatherapp.debug.xcconfig */,
				0E0ACE8FC60390418841E947 /* Pods-weatherapp.release.xcconfig */,
			);
			path = Pods;
			sourceTree = "<group>";
		};
/* End PBXGroup section */

/* Begin PBXNativeTarget section */
		0CB0BBD32B72585300AB52C0 /* weatherapp */ = {
			isa = PBXNativeTarget;
			buildConfigurationList = 0CB0BBE22B72585400AB52C0 /* Build configuration list for PBXNativeTarget "weatherapp" */;
			buildPhases = (
				8745306AE8D1B2E7A0ABA87F /* [CP] Check Pods Manifest.lock */,
				0CB0BBD02B72585300AB52C0 /* Sources */,
				0CB0BBD12B72585300AB52C0 /* Frameworks */,
				0CB0BBD22B72585300AB52C0 /* Resources */,
				D6C10ED09B2D640E378067A5 /* [CP] Embed Pods Frameworks */,
			);
			buildRules = (
			);
			dependencies = (
			);
			name = weatherapp;
			productName = weatherapp;
			productReference = 0CB0BBD42B72585300AB52C0 /* weatherapp.app */;
			productType = "com.apple.product-type.application";
		};
/* End PBXNativeTarget section */

/* Begin PBXProject section */
		0CB0BBCC2B72585200AB52C0 /* Project object */ = {
			isa = PBXProject;
			attributes = {
				BuildIndependentTargetsInParallel = 1;
				LastSwiftUpdateCheck = 1510;
				LastUpgradeCheck = 1510;
				TargetAttributes = {
					0CB0BBD32B72585300AB52C0 = {
						CreatedOnToolsVersion = 15.1;
					};
				};
			};
			buildConfigurationList = 0CB0BBCF2B72585200AB52C0 /* Build configuration list for PBXProject "weatherapp" */;
			compatibilityVersion = "Xcode 14.0";
			developmentRegion = en;
			hasScannedForEncodings = 0;
			knownRegions = (
				en,
				Base,
			);
			mainGroup = 0CB0BBCB2B72585200AB52C0;
			productRefGroup = 0CB0BBD52B72585300AB52C0 /* Products */;
			projectDirPath = "";
			projectRoot = "";
			targets = (
				0CB0BBD32B72585300AB52C0 /* weatherapp */,
			);
		};
/* End PBXProject section */

/* Begin PBXResourcesBuildPhase section */
		0CB0BBD22B72585300AB52C0 /* Resources */ = {
			isa = PBXResourcesBuildPhase;
			buildActionMask = 2147483647;
			files = (
				0CB0BBDF2B72585400AB52C0 /* Preview Assets.xcassets in Resources */,
				0CB0BBDC2B72585400AB52C0 /* Assets.xcassets in Resources */,
			);
			runOnlyForDeploymentPostprocessing = 0;
		};
/* End PBXResourcesBuildPhase section */

/* Begin PBXShellScriptBuildPhase section */
		8745306AE8D1B2E7A0ABA87F /* [CP] Check Pods Manifest.lock */ = {
			isa = PBXShellScriptBuildPhase;
			buildActionMask = 2147483647;
			files = (
			);
			inputFileListPaths = (
			);
			inputPaths = (
				"${PODS_PODFILE_DIR_PATH}/Podfile.lock",
				"${PODS_ROOT}/Manifest.lock",
			);
			name = "[CP] Check Pods Manifest.lock";
			outputFileListPaths = (
			);
			outputPaths = (
				"$(DERIVED_FILE_DIR)/Pods-weatherapp-checkManifestLockResult.txt",
			);
			runOnlyForDeploymentPostprocessing = 0;
			shellPath = /bin/sh;
			shellScript = "diff \"${PODS_PODFILE_DIR_PATH}/Podfile.lock\" \"${PODS_ROOT}/Manifest.lock\" > /dev/null\nif [ $? != 0 ] ; then\n    # print error to STDERR\n    echo \"error: The sandbox is not in sync with the Podfile.lock. Run 'pod install' or update your CocoaPods installation.\" >&2\n    exit 1\nfi\n# This output is used by Xcode 'outputs' to avoid re-running this script phase.\necho \"SUCCESS\" > \"${SCRIPT_OUTPUT_FILE_0}\"\n";
			showEnvVarsInLog = 0;
		};
		D6C10ED09B2D640E378067A5 /* [CP] Embed Pods Frameworks */ = {
			isa = PBXShellScriptBuildPhase;
			buildActionMask = 2147483647;
			files = (
			);
			inputFileListPaths = (
				"${PODS_ROOT}/Target Support Files/Pods-weatherapp/Pods-weatherapp-frameworks-${CONFIGURATION}-input-files.xcfilelist",
			);
			name = "[CP] Embed Pods Frameworks";
			outputFileListPaths = (
				"${PODS_ROOT}/Target Support Files/Pods-weatherapp/Pods-weatherapp-frameworks-${CONFIGURATION}-output-files.xcfilelist",
			);
			runOnlyForDeploymentPostprocessing = 0;
			shellPath = /bin/sh;
			shellScript = "\"${PODS_ROOT}/Target Support Files/Pods-weatherapp/Pods-weatherapp-frameworks.sh\"\n";
			showEnvVarsInLog = 0;
		};
/* End PBXShellScriptBuildPhase section */

/* Begin PBXSourcesBuildPhase section */
		0CB0BBD02B72585300AB52C0 /* Sources */ = {
			isa = PBXSourcesBuildPhase;
			buildActionMask = 2147483647;
			files = (
				0FDA244B2B72D01D00621CED /* WeatherGrid.swift in Sources */,
				0FDA24492B72CF9E00621CED /* ForecastList.swift in Sources */,
				0CDCF93F2B72975700DB40F2 /* Current.swift in Sources */,
				0FDA244D2B72D07E00621CED /* WeatherGridItem.swift in Sources */,
				0CDCF9582B72AFEA00DB40F2 /* ForecastRow.swift in Sources */,
				0CB0BBDA2B72585300AB52C0 /* WeatherHomeView.swift in Sources */,
				0CDCF9412B72977100DB40F2 /* Location.swift in Sources */,
				0CB0BBD82B72585300AB52C0 /* weatherappApp.swift in Sources */,
				0CDCF9432B72978100DB40F2 /* Forecast.swift in Sources */,
				0CDCF9562B72AFD700DB40F2 /* CurrentLocationWeather.swift in Sources */,
			);
			runOnlyForDeploymentPostprocessing = 0;
		};
/* End PBXSourcesBuildPhase section */

/* Begin XCBuildConfiguration section */
		0CB0BBE02B72585400AB52C0 /* Debug */ = {
			isa = XCBuildConfiguration;
			buildSettings = {
				ALWAYS_SEARCH_USER_PATHS = NO;
				ASSETCATALOG_COMPILER_GENERATE_SWIFT_ASSET_SYMBOL_EXTENSIONS = YES;
				CLANG_ANALYZER_NONNULL = YES;
				CLANG_ANALYZER_NUMBER_OBJECT_CONVERSION = YES_AGGRESSIVE;
				CLANG_CXX_LANGUAGE_STANDARD = "gnu++20";
				CLANG_ENABLE_MODULES = YES;
				CLANG_ENABLE_OBJC_ARC = YES;
				CLANG_ENABLE_OBJC_WEAK = YES;
				CLANG_WARN_BLOCK_CAPTURE_AUTORELEASING = YES;
				CLANG_WARN_BOOL_CONVERSION = YES;
				CLANG_WARN_COMMA = YES;
				CLANG_WARN_CONSTANT_CONVERSION = YES;
				CLANG_WARN_DEPRECATED_OBJC_IMPLEMENTATIONS = YES;
				CLANG_WARN_DIRECT_OBJC_ISA_USAGE = YES_ERROR;
				CLANG_WARN_DOCUMENTATION_COMMENTS = YES;
				CLANG_WARN_EMPTY_BODY = YES;
				CLANG_WARN_ENUM_CONVERSION = YES;
				CLANG_WARN_INFINITE_RECURSION = YES;
				CLANG_WARN_INT_CONVERSION = YES;
				CLANG_WARN_NON_LITERAL_NULL_CONVERSION = YES;
				CLANG_WARN_OBJC_IMPLICIT_RETAIN_SELF = YES;
				CLANG_WARN_OBJC_LITERAL_CONVERSION = YES;
				CLANG_WARN_OBJC_ROOT_CLASS = YES_ERROR;
				CLANG_WARN_QUOTED_INCLUDE_IN_FRAMEWORK_HEADER = YES;
				CLANG_WARN_RANGE_LOOP_ANALYSIS = YES;
				CLANG_WARN_STRICT_PROTOTYPES = YES;
				CLANG_WARN_SUSPICIOUS_MOVE = YES;
				CLANG_WARN_UNGUARDED_AVAILABILITY = YES_AGGRESSIVE;
				CLANG_WARN_UNREACHABLE_CODE = YES;
				CLANG_WARN__DUPLICATE_METHOD_MATCH = YES;
				COPY_PHASE_STRIP = NO;
				DEBUG_INFORMATION_FORMAT = dwarf;
				ENABLE_STRICT_OBJC_MSGSEND = YES;
				ENABLE_TESTABILITY = YES;
				ENABLE_USER_SCRIPT_SANDBOXING = YES;
				GCC_C_LANGUAGE_STANDARD = gnu17;
				GCC_DYNAMIC_NO_PIC = NO;
				GCC_NO_COMMON_BLOCKS = YES;
				GCC_OPTIMIZATION_LEVEL = 0;
				GCC_PREPROCESSOR_DEFINITIONS = (
					"DEBUG=1",
					"$(inherited)",
				);
				GCC_WARN_64_TO_32_BIT_CONVERSION = YES;
				GCC_WARN_ABOUT_RETURN_TYPE = YES_ERROR;
				GCC_WARN_UNDECLARED_SELECTOR = YES;
				GCC_WARN_UNINITIALIZED_AUTOS = YES_AGGRESSIVE;
				GCC_WARN_UNUSED_FUNCTION = YES;
				GCC_WARN_UNUSED_VARIABLE = YES;
				IPHONEOS_DEPLOYMENT_TARGET = 17.2;
				LOCALIZATION_PREFERS_STRING_CATALOGS = YES;
				MTL_ENABLE_DEBUG_INFO = INCLUDE_SOURCE;
				MTL_FAST_MATH = YES;
				ONLY_ACTIVE_ARCH = YES;
				SDKROOT = iphoneos;
				SWIFT_ACTIVE_COMPILATION_CONDITIONS = "DEBUG $(inherited)";
				SWIFT_OPTIMIZATION_LEVEL = "-Onone";
			};
			name = Debug;
		};
		0CB0BBE12B72585400AB52C0 /* Release */ = {
			isa = XCBuildConfiguration;
			buildSettings = {
				ALWAYS_SEARCH_USER_PATHS = NO;
				ASSETCATALOG_COMPILER_GENERATE_SWIFT_ASSET_SYMBOL_EXTENSIONS = YES;
				CLANG_ANALYZER_NONNULL = YES;
				CLANG_ANALYZER_NUMBER_OBJECT_CONVERSION = YES_AGGRESSIVE;
				CLANG_CXX_LANGUAGE_STANDARD = "gnu++20";
				CLANG_ENABLE_MODULES = YES;
				CLANG_ENABLE_OBJC_ARC = YES;
				CLANG_ENABLE_OBJC_WEAK = YES;
				CLANG_WARN_BLOCK_CAPTURE_AUTORELEASING = YES;
				CLANG_WARN_BOOL_CONVERSION = YES;
				CLANG_WARN_COMMA = YES;
				CLANG_WARN_CONSTANT_CONVERSION = YES;
				CLANG_WARN_DEPRECATED_OBJC_IMPLEMENTATIONS = YES;
				CLANG_WARN_DIRECT_OBJC_ISA_USAGE = YES_ERROR;
				CLANG_WARN_DOCUMENTATION_COMMENTS = YES;
				CLANG_WARN_EMPTY_BODY = YES;
				CLANG_WARN_ENUM_CONVERSION = YES;
				CLANG_WARN_INFINITE_RECURSION = YES;
				CLANG_WARN_INT_CONVERSION = YES;
				CLANG_WARN_NON_LITERAL_NULL_CONVERSION = YES;
				CLANG_WARN_OBJC_IMPLICIT_RETAIN_SELF = YES;
				CLANG_WARN_OBJC_LITERAL_CONVERSION = YES;
				CLANG_WARN_OBJC_ROOT_CLASS = YES_ERROR;
				CLANG_WARN_QUOTED_INCLUDE_IN_FRAMEWORK_HEADER = YES;
				CLANG_WARN_RANGE_LOOP_ANALYSIS = YES;
				CLANG_WARN_STRICT_PROTOTYPES = YES;
				CLANG_WARN_SUSPICIOUS_MOVE = YES;
				CLANG_WARN_UNGUARDED_AVAILABILITY = YES_AGGRESSIVE;
				CLANG_WARN_UNREACHABLE_CODE = YES;
				CLANG_WARN__DUPLICATE_METHOD_MATCH = YES;
				COPY_PHASE_STRIP = NO;
				DEBUG_INFORMATION_FORMAT = "dwarf-with-dsym";
				ENABLE_NS_ASSERTIONS = NO;
				ENABLE_STRICT_OBJC_MSGSEND = YES;
				ENABLE_USER_SCRIPT_SANDBOXING = YES;
				GCC_C_LANGUAGE_STANDARD = gnu17;
				GCC_NO_COMMON_BLOCKS = YES;
				GCC_WARN_64_TO_32_BIT_CONVERSION = YES;
				GCC_WARN_ABOUT_RETURN_TYPE = YES_ERROR;
				GCC_WARN_UNDECLARED_SELECTOR = YES;
				GCC_WARN_UNINITIALIZED_AUTOS = YES_AGGRESSIVE;
				GCC_WARN_UNUSED_FUNCTION = YES;
				GCC_WARN_UNUSED_VARIABLE = YES;
				IPHONEOS_DEPLOYMENT_TARGET = 17.2;
				LOCALIZATION_PREFERS_STRING_CATALOGS = YES;
				MTL_ENABLE_DEBUG_INFO = NO;
				MTL_FAST_MATH = YES;
				SDKROOT = iphoneos;
				SWIFT_COMPILATION_MODE = wholemodule;
				VALIDATE_PRODUCT = YES;
			};
			name = Release;
		};
		0CB0BBE32B72585400AB52C0 /* Debug */ = {
			isa = XCBuildConfiguration;
			baseConfigurationReference = 9AE204A1AA81B33AD93C1B3F /* Pods-weatherapp.debug.xcconfig */;
			buildSettings = {
				ASSETCATALOG_COMPILER_APPICON_NAME = AppIcon;
				ASSETCATALOG_COMPILER_GLOBAL_ACCENT_COLOR_NAME = AccentColor;
				CODE_SIGN_STYLE = Automatic;
				CURRENT_PROJECT_VERSION = 1;
				DEVELOPMENT_ASSET_PATHS = "\"weatherapp/Preview Content\"";
				ENABLE_PREVIEWS = YES;
				ENABLE_USER_SCRIPT_SANDBOXING = NO;
				GENERATE_INFOPLIST_FILE = YES;
				INFOPLIST_KEY_UIApplicationSceneManifest_Generation = YES;
				INFOPLIST_KEY_UIApplicationSupportsIndirectInputEvents = YES;
				INFOPLIST_KEY_UILaunchScreen_Generation = YES;
				INFOPLIST_KEY_UISupportedInterfaceOrientations_iPad = "UIInterfaceOrientationPortrait UIInterfaceOrientationPortraitUpsideDown UIInterfaceOrientationLandscapeLeft UIInterfaceOrientationLandscapeRight";
				INFOPLIST_KEY_UISupportedInterfaceOrientations_iPhone = "UIInterfaceOrientationPortrait UIInterfaceOrientationLandscapeLeft UIInterfaceOrientationLandscapeRight";
				LD_RUNPATH_SEARCH_PATHS = (
					"$(inherited)",
					"@executable_path/Frameworks",
				);
				MARKETING_VERSION = 1.0;
				PRODUCT_BUNDLE_IDENTIFIER = jets.weatherapp;
				PRODUCT_NAME = "$(TARGET_NAME)";
				SWIFT_EMIT_LOC_STRINGS = YES;
				SWIFT_VERSION = 5.0;
				TARGETED_DEVICE_FAMILY = "1,2";
			};
			name = Debug;
		};
		0CB0BBE42B72585400AB52C0 /* Release */ = {
			isa = XCBuildConfiguration;
			baseConfigurationReference = 0E0ACE8FC60390418841E947 /* Pods-weatherapp.release.xcconfig */;
			buildSettings = {
				ASSETCATALOG_COMPILER_APPICON_NAME = AppIcon;
				ASSETCATALOG_COMPILER_GLOBAL_ACCENT_COLOR_NAME = AccentColor;
				CODE_SIGN_STYLE = Automatic;
				CURRENT_PROJECT_VERSION = 1;
				DEVELOPMENT_ASSET_PATHS = "\"weatherapp/Preview Content\"";
				ENABLE_PREVIEWS = YES;
				ENABLE_USER_SCRIPT_SANDBOXING = NO;
				GENERATE_INFOPLIST_FILE = YES;
				INFOPLIST_KEY_UIApplicationSceneManifest_Generation = YES;
				INFOPLIST_KEY_UIApplicationSupportsIndirectInputEvents = YES;
				INFOPLIST_KEY_UILaunchScreen_Generation = YES;
				INFOPLIST_KEY_UISupportedInterfaceOrientations_iPad = "UIInterfaceOrientationPortrait UIInterfaceOrientationPortraitUpsideDown UIInterfaceOrientationLandscapeLeft UIInterfaceOrientationLandscapeRight";
				INFOPLIST_KEY_UISupportedInterfaceOrientations_iPhone = "UIInterfaceOrientationPortrait UIInterfaceOrientationLandscapeLeft UIInterfaceOrientationLandscapeRight";
				LD_RUNPATH_SEARCH_PATHS = (
					"$(inherited)",
					"@executable_path/Frameworks",
				);
				MARKETING_VERSION = 1.0;
				PRODUCT_BUNDLE_IDENTIFIER = jets.weatherapp;
				PRODUCT_NAME = "$(TARGET_NAME)";
				SWIFT_EMIT_LOC_STRINGS = YES;
				SWIFT_VERSION = 5.0;
				TARGETED_DEVICE_FAMILY = "1,2";
			};
			name = Release;
		};
/* End XCBuildConfiguration section */

/* Begin XCConfigurationList section */
		0CB0BBCF2B72585200AB52C0 /* Build configuration list for PBXProject "weatherapp" */ = {
			isa = XCConfigurationList;
			buildConfigurations = (
				0CB0BBE02B72585400AB52C0 /* Debug */,
				0CB0BBE12B72585400AB52C0 /* Release */,
			);
			defaultConfigurationIsVisible = 0;
			defaultConfigurationName = Release;
		};
		0CB0BBE22B72585400AB52C0 /* Build configuration list for PBXNativeTarget "weatherapp" */ = {
			isa = XCConfigurationList;
			buildConfigurations = (
				0CB0BBE32B72585400AB52C0 /* Debug */,
				0CB0BBE42B72585400AB52C0 /* Release */,
			);
			defaultConfigurationIsVisible = 0;
			defaultConfigurationName = Release;
		};
/* End XCConfigurationList section */
	};
	rootObject = 0CB0BBCC2B72585200AB52C0 /* Project object */;
}
